
Microsoft Visual Studio Solution File, Format Version 12.00
# Visual Studio Version 17
VisualStudioVersion = 17.5.33627.172
MinimumVisualStudioVersion = 10.0.40219.1
Project("{9A19103F-16F7-4668-BE54-9A1E7A4F7556}") = "ODataSelectQueryOptionIssue", "ODataSelectQueryOptionIssue\ODataSelectQueryOptionIssue.csproj", "{8672E269-E705-4212-8D42-0DAA8B916ABB}"
EndProject
Global
	GlobalSection(SolutionConfigurationPlatforms) = preSolution
		Debug|Any CPU = Debug|Any CPU
		Release|Any CPU = Release|Any CPU
	EndGlobalSection
	GlobalSection(ProjectConfigurationPlatforms) = postSolution
		{8672E269-E705-4212-8D42-0DAA8B916ABB}.Debug|Any CPU.ActiveCfg = Debug|Any CPU
		{8672E269-E705-4212-8D42-0DAA8B916ABB}.Debug|Any CPU.Build.0 = Debug|Any CPU
		{8672E269-E705-4212-8D42-0DAA8B916ABB}.Release|Any CPU.ActiveCfg = Release|Any CPU
		{8672E269-E705-4212-8D42-0DAA8B916ABB}.Release|Any CPU.Build.0 = Release|Any CPU
	EndGlobalSection
	GlobalSection(SolutionProperties) = preSolution
		HideSolutionNode = FALSE
	EndGlobalSection
	GlobalSection(ExtensibilityGlobals) = postSolution
		SolutionGuid = {BFC35960-EE74-4132-A070-A48F0D8D6D89}
	EndGlobalSection
EndGlobal
